
Microsoft Visual Studio Solution File, Format Version 12.00
# Visual Studio Version 17
VisualStudioVersion = 17.5.33424.131
MinimumVisualStudioVersion = 10.0.40219.1
Project("{9A19103F-16F7-4668-BE54-9A1E7A4F7556}") = "ConsoleTools.Commando", "ConsoleTools.Commando\ConsoleTools.Commando.csproj", "{E9125FDB-B912-472E-AB8C-2AEFF0543F95}"
EndProject
Project("{2150E333-8FDC-42A3-9474-1A3956D46DE8}") = "Common", "Common", "{933C5DEC-024E-46AE-914D-017F4F93726A}"
	ProjectSection(SolutionItems) = preProject
		Directory.Build.props = Directory.Build.props
		license.txt = license.txt
	EndProjectSection
EndProject
Project("{9A19103F-16F7-4668-BE54-9A1E7A4F7556}") = "ConsoleTools.Commando.Demo.Autofac.DependencyInjection", "ConsoleTools.Commando.Demo.Autofac.DependencyInjection\ConsoleTools.Commando.Demo.Autofac.DependencyInjection.csproj", "{8EE16070-FB87-44FA-9BEF-5A22D4EC38D1}"
EndProject
Project("{9A19103F-16F7-4668-BE54-9A1E7A4F7556}") = "ConsoleTools.Commando.Tests", "ConsoleTools.Commando.Tests\ConsoleTools.Commando.Tests.csproj", "{7AA909C4-2348-476C-B5C0-89FF9E18B42F}"
EndProject
Project("{9A19103F-16F7-4668-BE54-9A1E7A4F7556}") = "ConsoleTools.Commando.Demo.Ninject.DependencyInjection", "ConsoleTools.Commando.Demo.Ninject.DependencyInjection\ConsoleTools.Commando.Demo.Ninject.DependencyInjection.csproj", "{1820A7C2-7E35-4E96-942A-8CC75B30E87C}"
EndProject
Project("{9A19103F-16F7-4668-BE54-9A1E7A4F7556}") = "ConsoleTools.Commando.Parsing", "ConsoleTools.Commando.Parsing\ConsoleTools.Commando.Parsing.csproj", "{F6D2CC8C-7BF8-4BA7-84CE-E877B188C45E}"
EndProject
Project("{9A19103F-16F7-4668-BE54-9A1E7A4F7556}") = "ConsoleTools.Commando.Demo.Microsoft.DependencyInjection", "ConsoleTools.Commando.Demo.Microsoft.DependencyInjection\ConsoleTools.Commando.Demo.Microsoft.DependencyInjection.csproj", "{231F7389-0E69-4923-96C6-A0D25D645B28}"
EndProject
Project("{9A19103F-16F7-4668-BE54-9A1E7A4F7556}") = "ConsoleTools.Commando.Demo.Autofac.Builder", "ConsoleTools.Commando.Demo.Autofac.Builder\ConsoleTools.Commando.Demo.Autofac.Builder.csproj", "{7E9B6F83-0E9C-45B8-B5CE-267DDB35D6DD}"
EndProject
Project("{9A19103F-16F7-4668-BE54-9A1E7A4F7556}") = "ConsoleTools.Commando.Demo.Microsoft.Builder", "ConsoleTools.Commando.Demo.Microsoft.Builder\ConsoleTools.Commando.Demo.Microsoft.Builder.csproj", "{092C53D2-EFE2-419C-ADFF-E04B7195650C}"
EndProject
Project("{9A19103F-16F7-4668-BE54-9A1E7A4F7556}") = "ConsoleTools.Commando.Demo.Ninject.Builder", "ConsoleTools.Commando.Demo.Ninject.Builder\ConsoleTools.Commando.Demo.Ninject.Builder.csproj", "{2321988A-F229-4AF3-932C-5B2CF9CB4D95}"
EndProject
Project("{2150E333-8FDC-42A3-9474-1A3956D46DE8}") = "Setup", "Setup", "{1C1F7FC7-2FE7-4E6B-9798-3D19AAF7F7FA}"
EndProject
Project("{9A19103F-16F7-4668-BE54-9A1E7A4F7556}") = "ConsoleTools.Commando.Setup.Autofac", "ConsoleTools.Commando.Setup.Autofac\ConsoleTools.Commando.Setup.Autofac.csproj", "{0F1558AF-3F0C-4DF7-8AA6-1D172129832D}"
EndProject
Project("{9A19103F-16F7-4668-BE54-9A1E7A4F7556}") = "ConsoleTools.Commando.Setup.Microsoft", "ConsoleTools.Commando.Setup.Microsoft\ConsoleTools.Commando.Setup.Microsoft.csproj", "{475E8A10-AA38-491B-9FE0-B379A77221C1}"
EndProject
Project("{9A19103F-16F7-4668-BE54-9A1E7A4F7556}") = "ConsoleTools.Commando.Setup.Ninject", "ConsoleTools.Commando.Setup.Ninject\ConsoleTools.Commando.Setup.Ninject.csproj", "{F3AD694A-B42B-4A52-AF8C-5D72FE6C107B}"
EndProject
Project("{2150E333-8FDC-42A3-9474-1A3956D46DE8}") = "Demo", "Demo", "{CD5647C6-279B-42F7-8B14-9C73A1A0168F}"
EndProject
Global
	GlobalSection(SolutionConfigurationPlatforms) = preSolution
		Debug|Any CPU = Debug|Any CPU
		Release|Any CPU = Release|Any CPU
	EndGlobalSection
	GlobalSection(ProjectConfigurationPlatforms) = postSolution
		{E9125FDB-B912-472E-AB8C-2AEFF0543F95}.Debug|Any CPU.ActiveCfg = Debug|Any CPU
		{E9125FDB-B912-472E-AB8C-2AEFF0543F95}.Debug|Any CPU.Build.0 = Debug|Any CPU
		{E9125FDB-B912-472E-AB8C-2AEFF0543F95}.Release|Any CPU.ActiveCfg = Release|Any CPU
		{E9125FDB-B912-472E-AB8C-2AEFF0543F95}.Release|Any CPU.Build.0 = Release|Any CPU
		{8EE16070-FB87-44FA-9BEF-5A22D4EC38D1}.Debug|Any CPU.ActiveCfg = Debug|Any CPU
		{8EE16070-FB87-44FA-9BEF-5A22D4EC38D1}.Debug|Any CPU.Build.0 = Debug|Any CPU
		{8EE16070-FB87-44FA-9BEF-5A22D4EC38D1}.Release|Any CPU.ActiveCfg = Release|Any CPU
		{8EE16070-FB87-44FA-9BEF-5A22D4EC38D1}.Release|Any CPU.Build.0 = Release|Any CPU
		{7AA909C4-2348-476C-B5C0-89FF9E18B42F}.Debug|Any CPU.ActiveCfg = Debug|Any CPU
		{7AA909C4-2348-476C-B5C0-89FF9E18B42F}.Debug|Any CPU.Build.0 = Debug|Any CPU
		{7AA909C4-2348-476C-B5C0-89FF9E18B42F}.Release|Any CPU.ActiveCfg = Release|Any CPU
		{7AA909C4-2348-476C-B5C0-89FF9E18B42F}.Release|Any CPU.Build.0 = Release|Any CPU
		{1820A7C2-7E35-4E96-942A-8CC75B30E87C}.Debug|Any CPU.ActiveCfg = Debug|Any CPU
		{1820A7C2-7E35-4E96-942A-8CC75B30E87C}.Debug|Any CPU.Build.0 = Debug|Any CPU
		{1820A7C2-7E35-4E96-942A-8CC75B30E87C}.Release|Any CPU.ActiveCfg = Release|Any CPU
		{1820A7C2-7E35-4E96-942A-8CC75B30E87C}.Release|Any CPU.Build.0 = Release|Any CPU
		{F6D2CC8C-7BF8-4BA7-84CE-E877B188C45E}.Debug|Any CPU.ActiveCfg = Debug|Any CPU
		{F6D2CC8C-7BF8-4BA7-84CE-E877B188C45E}.Debug|Any CPU.Build.0 = Debug|Any CPU
		{F6D2CC8C-7BF8-4BA7-84CE-E877B188C45E}.Release|Any CPU.ActiveCfg = Release|Any CPU
		{F6D2CC8C-7BF8-4BA7-84CE-E877B188C45E}.Release|Any CPU.Build.0 = Release|Any CPU
		{231F7389-0E69-4923-96C6-A0D25D645B28}.Debug|Any CPU.ActiveCfg = Debug|Any CPU
		{231F7389-0E69-4923-96C6-A0D25D645B28}.Debug|Any CPU.Build.0 = Debug|Any CPU
		{231F7389-0E69-4923-96C6-A0D25D645B28}.Release|Any CPU.ActiveCfg = Release|Any CPU
		{231F7389-0E69-4923-96C6-A0D25D645B28}.Release|Any CPU.Build.0 = Release|Any CPU
		{7E9B6F83-0E9C-45B8-B5CE-267DDB35D6DD}.Debug|Any CPU.ActiveCfg = Debug|Any CPU
		{7E9B6F83-0E9C-45B8-B5CE-267DDB35D6DD}.Debug|Any CPU.Build.0 = Debug|Any CPU
		{7E9B6F83-0E9C-45B8-B5CE-267DDB35D6DD}.Release|Any CPU.ActiveCfg = Release|Any CPU
		{7E9B6F83-0E9C-45B8-B5CE-267DDB35D6DD}.Release|Any CPU.Build.0 = Release|Any CPU
		{092C53D2-EFE2-419C-ADFF-E04B7195650C}.Debug|Any CPU.ActiveCfg = Debug|Any CPU
		{092C53D2-EFE2-419C-ADFF-E04B7195650C}.Debug|Any CPU.Build.0 = Debug|Any CPU
		{092C53D2-EFE2-419C-ADFF-E04B7195650C}.Release|Any CPU.ActiveCfg = Release|Any CPU
		{092C53D2-EFE2-419C-ADFF-E04B7195650C}.Release|Any CPU.Build.0 = Release|Any CPU
		{2321988A-F229-4AF3-932C-5B2CF9CB4D95}.Debug|Any CPU.ActiveCfg = Debug|Any CPU
		{2321988A-F229-4AF3-932C-5B2CF9CB4D95}.Debug|Any CPU.Build.0 = Debug|Any CPU
		{2321988A-F229-4AF3-932C-5B2CF9CB4D95}.Release|Any CPU.ActiveCfg = Release|Any CPU
		{2321988A-F229-4AF3-932C-5B2CF9CB4D95}.Release|Any CPU.Build.0 = Release|Any CPU
		{0F1558AF-3F0C-4DF7-8AA6-1D172129832D}.Debug|Any CPU.ActiveCfg = Debug|Any CPU
		{0F1558AF-3F0C-4DF7-8AA6-1D172129832D}.Debug|Any CPU.Build.0 = Debug|Any CPU
		{0F1558AF-3F0C-4DF7-8AA6-1D172129832D}.Release|Any CPU.ActiveCfg = Release|Any CPU
		{0F1558AF-3F0C-4DF7-8AA6-1D172129832D}.Release|Any CPU.Build.0 = Release|Any CPU
		{475E8A10-AA38-491B-9FE0-B379A77221C1}.Debug|Any CPU.ActiveCfg = Debug|Any CPU
		{475E8A10-AA38-491B-9FE0-B379A77221C1}.Debug|Any CPU.Build.0 = Debug|Any CPU
		{475E8A10-AA38-491B-9FE0-B379A77221C1}.Release|Any CPU.ActiveCfg = Release|Any CPU
		{475E8A10-AA38-491B-9FE0-B379A77221C1}.Release|Any CPU.Build.0 = Release|Any CPU
		{F3AD694A-B42B-4A52-AF8C-5D72FE6C107B}.Debug|Any CPU.ActiveCfg = Debug|Any CPU
		{F3AD694A-B42B-4A52-AF8C-5D72FE6C107B}.Debug|Any CPU.Build.0 = Debug|Any CPU
		{F3AD694A-B42B-4A52-AF8C-5D72FE6C107B}.Release|Any CPU.ActiveCfg = Release|Any CPU
		{F3AD694A-B42B-4A52-AF8C-5D72FE6C107B}.Release|Any CPU.Build.0 = Release|Any CPU
	EndGlobalSection
	GlobalSection(SolutionProperties) = preSolution
		HideSolutionNode = FALSE
	EndGlobalSection
	GlobalSection(NestedProjects) = preSolution
		{8EE16070-FB87-44FA-9BEF-5A22D4EC38D1} = {CD5647C6-279B-42F7-8B14-9C73A1A0168F}
		{1820A7C2-7E35-4E96-942A-8CC75B30E87C} = {CD5647C6-279B-42F7-8B14-9C73A1A0168F}
		{231F7389-0E69-4923-96C6-A0D25D645B28} = {CD5647C6-279B-42F7-8B14-9C73A1A0168F}
		{7E9B6F83-0E9C-45B8-B5CE-267DDB35D6DD} = {CD5647C6-279B-42F7-8B14-9C73A1A0168F}
		{092C53D2-EFE2-419C-ADFF-E04B7195650C} = {CD5647C6-279B-42F7-8B14-9C73A1A0168F}
		{2321988A-F229-4AF3-932C-5B2CF9CB4D95} = {CD5647C6-279B-42F7-8B14-9C73A1A0168F}
		{0F1558AF-3F0C-4DF7-8AA6-1D172129832D} = {1C1F7FC7-2FE7-4E6B-9798-3D19AAF7F7FA}
		{475E8A10-AA38-491B-9FE0-B379A77221C1} = {1C1F7FC7-2FE7-4E6B-9798-3D19AAF7F7FA}
		{F3AD694A-B42B-4A52-AF8C-5D72FE6C107B} = {1C1F7FC7-2FE7-4E6B-9798-3D19AAF7F7FA}
	EndGlobalSection
	GlobalSection(ExtensibilityGlobals) = postSolution
		SolutionGuid = {9803FBD9-69B8-40CC-A218-90C1128A1133}
	EndGlobalSection
EndGlobal
