
Microsoft Visual Studio Solution File, Format Version 12.00
# Visual Studio Version 17
VisualStudioVersion = 17.5.33424.131
MinimumVisualStudioVersion = 10.0.40219.1
Project("{9A19103F-16F7-4668-BE54-9A1E7A4F7556}") = "ConsoleTools.Commando", "ConsoleTools.Commando\ConsoleTools.Commando.csproj", "{E9125FDB-B912-472E-AB8C-2AEFF0543F95}"
EndProject
Project("{2150E333-8FDC-42A3-9474-1A3956D46DE8}") = "Common", "Common", "{933C5DEC-024E-46AE-914D-017F4F93726A}"
	ProjectSection(SolutionItems) = preProject
		Directory.Build.props = Directory.Build.props
	EndProjectSection
EndProject
Project("{9A19103F-16F7-4668-BE54-9A1E7A4F7556}") = "ConsoleTools.Commando.Autofac.DependencyInjection", "ConsoleTools.Commando.Autofac.DependencyInjection\ConsoleTools.Commando.Autofac.DependencyInjection.csproj", "{EEFC180D-6001-4EE8-BAB1-EBE17BD8E341}"
EndProject
Project("{9A19103F-16F7-4668-BE54-9A1E7A4F7556}") = "ConsoleTools.Commando.Autofac.Demo", "ConsoleTools.Commando.Autofac.Demo\ConsoleTools.Commando.Autofac.Demo.csproj", "{8EE16070-FB87-44FA-9BEF-5A22D4EC38D1}"
EndProject
Project("{9A19103F-16F7-4668-BE54-9A1E7A4F7556}") = "ConsoleTools.Commando.Tests", "ConsoleTools.Commando.Tests\ConsoleTools.Commando.Tests.csproj", "{7AA909C4-2348-476C-B5C0-89FF9E18B42F}"
EndProject
Project("{9A19103F-16F7-4668-BE54-9A1E7A4F7556}") = "ConsoleTools.Commando.Ninject.DependencyInjection", "ConsoleTools.Commando.Ninject.DependencyInjection\ConsoleTools.Commando.Ninject.DependencyInjection.csproj", "{006FC2AF-C692-421C-9C59-A3DA9169376B}"
EndProject
Project("{9A19103F-16F7-4668-BE54-9A1E7A4F7556}") = "ConsoleTools.Commando.Ninject.Demo", "ConsoleTools.Commando.Ninject.Demo\ConsoleTools.Commando.Ninject.Demo.csproj", "{1820A7C2-7E35-4E96-942A-8CC75B30E87C}"
EndProject
Project("{9A19103F-16F7-4668-BE54-9A1E7A4F7556}") = "ConsoleTools.Commando.Parsing", "ConsoleTools.Commando.Parsing\ConsoleTools.Commando.Parsing.csproj", "{F6D2CC8C-7BF8-4BA7-84CE-E877B188C45E}"
EndProject
Project("{FAE04EC0-301F-11D3-BF4B-00C04F79EFBC}") = "ConsoleTools.Commando.Microsoft.DependencyInjection", "ConsoleTools.Commando.Microsoft.DependencyInjection\ConsoleTools.Commando.Microsoft.DependencyInjection.csproj", "{1C6D8A1E-4D7F-46E1-BFFD-B5A1E1FB98EA}"
EndProject
Project("{FAE04EC0-301F-11D3-BF4B-00C04F79EFBC}") = "ConsoleTools.Commando.Microsoft.Demo", "ConsoleTools.Commando.Microsoft.Demo\ConsoleTools.Commando.Microsoft.Demo.csproj", "{231F7389-0E69-4923-96C6-A0D25D645B28}"
EndProject
Global
	GlobalSection(SolutionConfigurationPlatforms) = preSolution
		Debug|Any CPU = Debug|Any CPU
		Release|Any CPU = Release|Any CPU
	EndGlobalSection
	GlobalSection(ProjectConfigurationPlatforms) = postSolution
		{E9125FDB-B912-472E-AB8C-2AEFF0543F95}.Debug|Any CPU.ActiveCfg = Debug|Any CPU
		{E9125FDB-B912-472E-AB8C-2AEFF0543F95}.Debug|Any CPU.Build.0 = Debug|Any CPU
		{E9125FDB-B912-472E-AB8C-2AEFF0543F95}.Release|Any CPU.ActiveCfg = Release|Any CPU
		{E9125FDB-B912-472E-AB8C-2AEFF0543F95}.Release|Any CPU.Build.0 = Release|Any CPU
		{EEFC180D-6001-4EE8-BAB1-EBE17BD8E341}.Debug|Any CPU.ActiveCfg = Debug|Any CPU
		{EEFC180D-6001-4EE8-BAB1-EBE17BD8E341}.Debug|Any CPU.Build.0 = Debug|Any CPU
		{EEFC180D-6001-4EE8-BAB1-EBE17BD8E341}.Release|Any CPU.ActiveCfg = Release|Any CPU
		{EEFC180D-6001-4EE8-BAB1-EBE17BD8E341}.Release|Any CPU.Build.0 = Release|Any CPU
		{8EE16070-FB87-44FA-9BEF-5A22D4EC38D1}.Debug|Any CPU.ActiveCfg = Debug|Any CPU
		{8EE16070-FB87-44FA-9BEF-5A22D4EC38D1}.Debug|Any CPU.Build.0 = Debug|Any CPU
		{8EE16070-FB87-44FA-9BEF-5A22D4EC38D1}.Release|Any CPU.ActiveCfg = Release|Any CPU
		{8EE16070-FB87-44FA-9BEF-5A22D4EC38D1}.Release|Any CPU.Build.0 = Release|Any CPU
		{7AA909C4-2348-476C-B5C0-89FF9E18B42F}.Debug|Any CPU.ActiveCfg = Debug|Any CPU
		{7AA909C4-2348-476C-B5C0-89FF9E18B42F}.Debug|Any CPU.Build.0 = Debug|Any CPU
		{7AA909C4-2348-476C-B5C0-89FF9E18B42F}.Release|Any CPU.ActiveCfg = Release|Any CPU
		{7AA909C4-2348-476C-B5C0-89FF9E18B42F}.Release|Any CPU.Build.0 = Release|Any CPU
		{006FC2AF-C692-421C-9C59-A3DA9169376B}.Debug|Any CPU.ActiveCfg = Debug|Any CPU
		{006FC2AF-C692-421C-9C59-A3DA9169376B}.Debug|Any CPU.Build.0 = Debug|Any CPU
		{006FC2AF-C692-421C-9C59-A3DA9169376B}.Release|Any CPU.ActiveCfg = Release|Any CPU
		{006FC2AF-C692-421C-9C59-A3DA9169376B}.Release|Any CPU.Build.0 = Release|Any CPU
		{1820A7C2-7E35-4E96-942A-8CC75B30E87C}.Debug|Any CPU.ActiveCfg = Debug|Any CPU
		{1820A7C2-7E35-4E96-942A-8CC75B30E87C}.Debug|Any CPU.Build.0 = Debug|Any CPU
		{1820A7C2-7E35-4E96-942A-8CC75B30E87C}.Release|Any CPU.ActiveCfg = Release|Any CPU
		{1820A7C2-7E35-4E96-942A-8CC75B30E87C}.Release|Any CPU.Build.0 = Release|Any CPU
		{F6D2CC8C-7BF8-4BA7-84CE-E877B188C45E}.Debug|Any CPU.ActiveCfg = Debug|Any CPU
		{F6D2CC8C-7BF8-4BA7-84CE-E877B188C45E}.Debug|Any CPU.Build.0 = Debug|Any CPU
		{F6D2CC8C-7BF8-4BA7-84CE-E877B188C45E}.Release|Any CPU.ActiveCfg = Release|Any CPU
		{F6D2CC8C-7BF8-4BA7-84CE-E877B188C45E}.Release|Any CPU.Build.0 = Release|Any CPU
		{1C6D8A1E-4D7F-46E1-BFFD-B5A1E1FB98EA}.Debug|Any CPU.ActiveCfg = Debug|Any CPU
		{1C6D8A1E-4D7F-46E1-BFFD-B5A1E1FB98EA}.Debug|Any CPU.Build.0 = Debug|Any CPU
		{1C6D8A1E-4D7F-46E1-BFFD-B5A1E1FB98EA}.Release|Any CPU.ActiveCfg = Release|Any CPU
		{1C6D8A1E-4D7F-46E1-BFFD-B5A1E1FB98EA}.Release|Any CPU.Build.0 = Release|Any CPU
		{231F7389-0E69-4923-96C6-A0D25D645B28}.Debug|Any CPU.ActiveCfg = Debug|Any CPU
		{231F7389-0E69-4923-96C6-A0D25D645B28}.Debug|Any CPU.Build.0 = Debug|Any CPU
		{231F7389-0E69-4923-96C6-A0D25D645B28}.Release|Any CPU.ActiveCfg = Release|Any CPU
		{231F7389-0E69-4923-96C6-A0D25D645B28}.Release|Any CPU.Build.0 = Release|Any CPU
	EndGlobalSection
	GlobalSection(SolutionProperties) = preSolution
		HideSolutionNode = FALSE
	EndGlobalSection
	GlobalSection(ExtensibilityGlobals) = postSolution
		SolutionGuid = {9803FBD9-69B8-40CC-A218-90C1128A1133}
	EndGlobalSection
EndGlobal
